
Microsoft Visual Studio Solution File, Format Version 12.00
# Visual Studio Version 17
VisualStudioVersion = 17.13.35828.75
MinimumVisualStudioVersion = 10.0.40219.1
Project("{FAE04EC0-301F-11D3-BF4B-00C04F79EFBC}") = "Pilares", "Pilares\Pilares.csproj", "{04FB2CDB-164F-4CB9-B3C6-C8BB568317F1}"
EndProject
Project("{FAE04EC0-301F-11D3-BF4B-00C04F79EFBC}") = "EXs", "EXs\EXs.csproj", "{3D328ADE-A0DA-47E3-8899-BAC2F4FC8BF2}"
EndProject
Global
	GlobalSection(SolutionConfigurationPlatforms) = preSolution
		Debug|Any CPU = Debug|Any CPU
		Release|Any CPU = Release|Any CPU
	EndGlobalSection
	GlobalSection(ProjectConfigurationPlatforms) = postSolution
		{04FB2CDB-164F-4CB9-B3C6-C8BB568317F1}.Debug|Any CPU.ActiveCfg = Debug|Any CPU
		{04FB2CDB-164F-4CB9-B3C6-C8BB568317F1}.Debug|Any CPU.Build.0 = Debug|Any CPU
		{04FB2CDB-164F-4CB9-B3C6-C8BB568317F1}.Release|Any CPU.ActiveCfg = Release|Any CPU
		{04FB2CDB-164F-4CB9-B3C6-C8BB568317F1}.Release|Any CPU.Build.0 = Release|Any CPU
		{3D328ADE-A0DA-47E3-8899-BAC2F4FC8BF2}.Debug|Any CPU.ActiveCfg = Debug|Any CPU
		{3D328ADE-A0DA-47E3-8899-BAC2F4FC8BF2}.Debug|Any CPU.Build.0 = Debug|Any CPU
		{3D328ADE-A0DA-47E3-8899-BAC2F4FC8BF2}.Release|Any CPU.ActiveCfg = Release|Any CPU
		{3D328ADE-A0DA-47E3-8899-BAC2F4FC8BF2}.Release|Any CPU.Build.0 = Release|Any CPU
	EndGlobalSection
	GlobalSection(SolutionProperties) = preSolution
		HideSolutionNode = FALSE
	EndGlobalSection
	GlobalSection(ExtensibilityGlobals) = postSolution
		SolutionGuid = {27BC25B6-861B-455B-9511-0B83E76232ED}
	EndGlobalSection
EndGlobal
